
Microsoft Visual Studio Solution File, Format Version 12.00
# Visual Studio Version 16
VisualStudioVersion = 16.0.29519.181
MinimumVisualStudioVersion = 10.0.40219.1
Project("{FAE04EC0-301F-11D3-BF4B-00C04F79EFBC}") = "App11", "App11\App11.csproj", "{CE754E06-E683-45C9-A08E-BD35EBAE72F5}"
EndProject
Global
	GlobalSection(SolutionConfigurationPlatforms) = preSolution
		Debug|Any CPU = Debug|Any CPU
		Release|Any CPU = Release|Any CPU
	EndGlobalSection
	GlobalSection(ProjectConfigurationPlatforms) = postSolution
		{CE754E06-E683-45C9-A08E-BD35EBAE72F5}.Debug|Any CPU.ActiveCfg = Debug|Any CPU
		{CE754E06-E683-45C9-A08E-BD35EBAE72F5}.Debug|Any CPU.Build.0 = Debug|Any CPU
		{CE754E06-E683-45C9-A08E-BD35EBAE72F5}.Release|Any CPU.ActiveCfg = Release|Any CPU
		{CE754E06-E683-45C9-A08E-BD35EBAE72F5}.Release|Any CPU.Build.0 = Release|Any CPU
	EndGlobalSection
	GlobalSection(SolutionProperties) = preSolution
		HideSolutionNode = FALSE
	EndGlobalSection
	GlobalSection(ExtensibilityGlobals) = postSolution
		SolutionGuid = {4D87255C-3E16-40CD-9A4B-8CE52F048213}
	EndGlobalSection
EndGlobal
