
Microsoft Visual Studio Solution File, Format Version 12.00
# Visual Studio Version 16
VisualStudioVersion = 16.0.29519.181
MinimumVisualStudioVersion = 10.0.40219.1
Project("{FAE04EC0-301F-11D3-BF4B-00C04F79EFBC}") = "App12", "App12\App12.csproj", "{3696FCA0-359C-413C-8BAD-4EC4F6CDCD19}"
EndProject
Global
	GlobalSection(SolutionConfigurationPlatforms) = preSolution
		Debug|Any CPU = Debug|Any CPU
		Release|Any CPU = Release|Any CPU
	EndGlobalSection
	GlobalSection(ProjectConfigurationPlatforms) = postSolution
		{3696FCA0-359C-413C-8BAD-4EC4F6CDCD19}.Debug|Any CPU.ActiveCfg = Debug|Any CPU
		{3696FCA0-359C-413C-8BAD-4EC4F6CDCD19}.Debug|Any CPU.Build.0 = Debug|Any CPU
		{3696FCA0-359C-413C-8BAD-4EC4F6CDCD19}.Release|Any CPU.ActiveCfg = Release|Any CPU
		{3696FCA0-359C-413C-8BAD-4EC4F6CDCD19}.Release|Any CPU.Build.0 = Release|Any CPU
	EndGlobalSection
	GlobalSection(SolutionProperties) = preSolution
		HideSolutionNode = FALSE
	EndGlobalSection
	GlobalSection(ExtensibilityGlobals) = postSolution
		SolutionGuid = {4DE60495-10FA-4487-962B-31D3E28CB99E}
	EndGlobalSection
EndGlobal
